
Microsoft Visual Studio Solution File, Format Version 12.00
# Visual Studio Version 17
VisualStudioVersion = 17.12.35521.163
MinimumVisualStudioVersion = 10.0.40219.1
Project("{FAE04EC0-301F-11D3-BF4B-00C04F79EFBC}") = "Pacagroup.Ecommerce.Transversal.Common", "Pacagroup.Ecommerce.Transversal.Common\Pacagroup.Ecommerce.Transversal.Common.csproj", "{5AAE0168-4CC6-460B-A156-43F43990348C}"
EndProject
Project("{2150E333-8FDC-42A3-9474-1A3956D46DE8}") = "Transversal", "Transversal", "{60BB1DFB-EA45-43D7-831E-8060C860C5BE}"
EndProject
Project("{2150E333-8FDC-42A3-9474-1A3956D46DE8}") = "Infraestructura", "Infraestructura", "{4E0A4E6B-3B3F-4A9D-800F-C05482728061}"
EndProject
Project("{2150E333-8FDC-42A3-9474-1A3956D46DE8}") = "Dominio", "Dominio", "{EE1DAD03-1B9E-4B84-91D7-8838492B1206}"
EndProject
Project("{2150E333-8FDC-42A3-9474-1A3956D46DE8}") = "Aplicacion", "Aplicacion", "{6E2D0DDA-CD8B-4B73-B505-9F45387CB31B}"
EndProject
Project("{2150E333-8FDC-42A3-9474-1A3956D46DE8}") = "Servicio", "Servicio", "{ABCC520A-CDDD-42CF-A18F-8CD59654D946}"
EndProject
Project("{FAE04EC0-301F-11D3-BF4B-00C04F79EFBC}") = "Pacagroup.Ecommerce.Domain", "Pacagroup.Ecommerce.Domain.Entity\Pacagroup.Ecommerce.Domain.csproj", "{43C24D62-9E20-457D-996E-7250AEC4D799}"
EndProject
Project("{FAE04EC0-301F-11D3-BF4B-00C04F79EFBC}") = "Pacagroup.Ecommerce.Application.DTO", "Pacagroup.Ecommerce.Application.DTO\Pacagroup.Ecommerce.Application.DTO.csproj", "{AC8C1F13-946F-441B-8447-0FABB8048244}"
EndProject
Project("{FAE04EC0-301F-11D3-BF4B-00C04F79EFBC}") = "Pacagroup.Ecommerce.Application.Interface", "Pacagroup.Ecommerce.Application.Interface\Pacagroup.Ecommerce.Application.Interface.csproj", "{27338473-189F-4842-B730-72E9E4BBF4D2}"
EndProject
Project("{FAE04EC0-301F-11D3-BF4B-00C04F79EFBC}") = "Pacagroup.Ecommerce.Application.Features", "Pacagroup.Ecommerce.Application.Main\Pacagroup.Ecommerce.Application.Features.csproj", "{EDCF17AC-5DF8-4B5E-9AE4-F734128FEBE5}"
EndProject
Project("{FAE04EC0-301F-11D3-BF4B-00C04F79EFBC}") = "Pacagroup.Ecommerce.Services.WebApi", "Pacagroup.Ecommerce.Services.WebApi\Pacagroup.Ecommerce.Services.WebApi.csproj", "{4B66DE87-9B8C-4C13-8EE9-2A412A5D78C0}"
EndProject
Project("{FAE04EC0-301F-11D3-BF4B-00C04F79EFBC}") = "Pacagroup.Ecommerce.Application.Validator", "Pacagroup.Ecommerce.Application.Validator\Pacagroup.Ecommerce.Application.Validator.csproj", "{45D8973E-C29F-47E7-ACEE-A5B21E2B1741}"
EndProject
Project("{2150E333-8FDC-42A3-9474-1A3956D46DE8}") = "Pruebas", "Pruebas", "{02EA681E-C7D8-13C7-8484-4AC65E1B71E8}"
EndProject
Project("{FAE04EC0-301F-11D3-BF4B-00C04F79EFBC}") = "Pacagroup.Ecommerce.Application.Test", "Pacagroup.Ecommerce.Application.Test\Pacagroup.Ecommerce.Application.Test.csproj", "{4BA50597-832C-410E-A1E2-4A088E8AB21E}"
EndProject
Project("{FAE04EC0-301F-11D3-BF4B-00C04F79EFBC}") = "Pacagroup.Ecommerce.Persistence", "Pacagroup.Ecommerce.Persistence\Pacagroup.Ecommerce.Persistence.csproj", "{B0B2921D-7451-4B92-A30A-AFFD9A14B6B6}"
EndProject
Project("{FAE04EC0-301F-11D3-BF4B-00C04F79EFBC}") = "Pacagroup.Ecommerce.Infraestructure", "Pacagroup.Ecommerce.Infraestructure\Pacagroup.Ecommerce.Infraestructure.csproj", "{264D4DF7-90C4-47A6-B03A-C148064688C7}"
EndProject
Global
	GlobalSection(SolutionConfigurationPlatforms) = preSolution
		Debug|Any CPU = Debug|Any CPU
		Release|Any CPU = Release|Any CPU
	EndGlobalSection
	GlobalSection(ProjectConfigurationPlatforms) = postSolution
		{5AAE0168-4CC6-460B-A156-43F43990348C}.Debug|Any CPU.ActiveCfg = Debug|Any CPU
		{5AAE0168-4CC6-460B-A156-43F43990348C}.Debug|Any CPU.Build.0 = Debug|Any CPU
		{5AAE0168-4CC6-460B-A156-43F43990348C}.Release|Any CPU.ActiveCfg = Release|Any CPU
		{5AAE0168-4CC6-460B-A156-43F43990348C}.Release|Any CPU.Build.0 = Release|Any CPU
		{43C24D62-9E20-457D-996E-7250AEC4D799}.Debug|Any CPU.ActiveCfg = Debug|Any CPU
		{43C24D62-9E20-457D-996E-7250AEC4D799}.Debug|Any CPU.Build.0 = Debug|Any CPU
		{43C24D62-9E20-457D-996E-7250AEC4D799}.Release|Any CPU.ActiveCfg = Release|Any CPU
		{43C24D62-9E20-457D-996E-7250AEC4D799}.Release|Any CPU.Build.0 = Release|Any CPU
		{AC8C1F13-946F-441B-8447-0FABB8048244}.Debug|Any CPU.ActiveCfg = Debug|Any CPU
		{AC8C1F13-946F-441B-8447-0FABB8048244}.Debug|Any CPU.Build.0 = Debug|Any CPU
		{AC8C1F13-946F-441B-8447-0FABB8048244}.Release|Any CPU.ActiveCfg = Release|Any CPU
		{AC8C1F13-946F-441B-8447-0FABB8048244}.Release|Any CPU.Build.0 = Release|Any CPU
		{27338473-189F-4842-B730-72E9E4BBF4D2}.Debug|Any CPU.ActiveCfg = Debug|Any CPU
		{27338473-189F-4842-B730-72E9E4BBF4D2}.Debug|Any CPU.Build.0 = Debug|Any CPU
		{27338473-189F-4842-B730-72E9E4BBF4D2}.Release|Any CPU.ActiveCfg = Release|Any CPU
		{27338473-189F-4842-B730-72E9E4BBF4D2}.Release|Any CPU.Build.0 = Release|Any CPU
		{EDCF17AC-5DF8-4B5E-9AE4-F734128FEBE5}.Debug|Any CPU.ActiveCfg = Debug|Any CPU
		{EDCF17AC-5DF8-4B5E-9AE4-F734128FEBE5}.Debug|Any CPU.Build.0 = Debug|Any CPU
		{EDCF17AC-5DF8-4B5E-9AE4-F734128FEBE5}.Release|Any CPU.ActiveCfg = Release|Any CPU
		{EDCF17AC-5DF8-4B5E-9AE4-F734128FEBE5}.Release|Any CPU.Build.0 = Release|Any CPU
		{4B66DE87-9B8C-4C13-8EE9-2A412A5D78C0}.Debug|Any CPU.ActiveCfg = Debug|Any CPU
		{4B66DE87-9B8C-4C13-8EE9-2A412A5D78C0}.Debug|Any CPU.Build.0 = Debug|Any CPU
		{4B66DE87-9B8C-4C13-8EE9-2A412A5D78C0}.Release|Any CPU.ActiveCfg = Release|Any CPU
		{4B66DE87-9B8C-4C13-8EE9-2A412A5D78C0}.Release|Any CPU.Build.0 = Release|Any CPU
		{45D8973E-C29F-47E7-ACEE-A5B21E2B1741}.Debug|Any CPU.ActiveCfg = Debug|Any CPU
		{45D8973E-C29F-47E7-ACEE-A5B21E2B1741}.Debug|Any CPU.Build.0 = Debug|Any CPU
		{45D8973E-C29F-47E7-ACEE-A5B21E2B1741}.Release|Any CPU.ActiveCfg = Release|Any CPU
		{45D8973E-C29F-47E7-ACEE-A5B21E2B1741}.Release|Any CPU.Build.0 = Release|Any CPU
		{4BA50597-832C-410E-A1E2-4A088E8AB21E}.Debug|Any CPU.ActiveCfg = Debug|Any CPU
		{4BA50597-832C-410E-A1E2-4A088E8AB21E}.Debug|Any CPU.Build.0 = Debug|Any CPU
		{4BA50597-832C-410E-A1E2-4A088E8AB21E}.Release|Any CPU.ActiveCfg = Release|Any CPU
		{4BA50597-832C-410E-A1E2-4A088E8AB21E}.Release|Any CPU.Build.0 = Release|Any CPU
		{B0B2921D-7451-4B92-A30A-AFFD9A14B6B6}.Debug|Any CPU.ActiveCfg = Debug|Any CPU
		{B0B2921D-7451-4B92-A30A-AFFD9A14B6B6}.Debug|Any CPU.Build.0 = Debug|Any CPU
		{B0B2921D-7451-4B92-A30A-AFFD9A14B6B6}.Release|Any CPU.ActiveCfg = Release|Any CPU
		{B0B2921D-7451-4B92-A30A-AFFD9A14B6B6}.Release|Any CPU.Build.0 = Release|Any CPU
		{264D4DF7-90C4-47A6-B03A-C148064688C7}.Debug|Any CPU.ActiveCfg = Debug|Any CPU
		{264D4DF7-90C4-47A6-B03A-C148064688C7}.Debug|Any CPU.Build.0 = Debug|Any CPU
		{264D4DF7-90C4-47A6-B03A-C148064688C7}.Release|Any CPU.ActiveCfg = Release|Any CPU
		{264D4DF7-90C4-47A6-B03A-C148064688C7}.Release|Any CPU.Build.0 = Release|Any CPU
	EndGlobalSection
	GlobalSection(SolutionProperties) = preSolution
		HideSolutionNode = FALSE
	EndGlobalSection
	GlobalSection(NestedProjects) = preSolution
		{5AAE0168-4CC6-460B-A156-43F43990348C} = {60BB1DFB-EA45-43D7-831E-8060C860C5BE}
		{43C24D62-9E20-457D-996E-7250AEC4D799} = {EE1DAD03-1B9E-4B84-91D7-8838492B1206}
		{AC8C1F13-946F-441B-8447-0FABB8048244} = {6E2D0DDA-CD8B-4B73-B505-9F45387CB31B}
		{27338473-189F-4842-B730-72E9E4BBF4D2} = {6E2D0DDA-CD8B-4B73-B505-9F45387CB31B}
		{EDCF17AC-5DF8-4B5E-9AE4-F734128FEBE5} = {6E2D0DDA-CD8B-4B73-B505-9F45387CB31B}
		{4B66DE87-9B8C-4C13-8EE9-2A412A5D78C0} = {ABCC520A-CDDD-42CF-A18F-8CD59654D946}
		{45D8973E-C29F-47E7-ACEE-A5B21E2B1741} = {6E2D0DDA-CD8B-4B73-B505-9F45387CB31B}
		{4BA50597-832C-410E-A1E2-4A088E8AB21E} = {02EA681E-C7D8-13C7-8484-4AC65E1B71E8}
		{B0B2921D-7451-4B92-A30A-AFFD9A14B6B6} = {4E0A4E6B-3B3F-4A9D-800F-C05482728061}
		{264D4DF7-90C4-47A6-B03A-C148064688C7} = {4E0A4E6B-3B3F-4A9D-800F-C05482728061}
	EndGlobalSection
	GlobalSection(ExtensibilityGlobals) = postSolution
		SolutionGuid = {BE123BF1-7E27-41E1-843F-0EA737457586}
	EndGlobalSection
EndGlobal
